
Microsoft Visual Studio Solution File, Format Version 12.00
Project("{FAE04EC0-301F-11D3-BF4B-00C04F79EFBC}") = "PredicatesIndex", "PredicatesIndex\PredicatesIndex.csproj", "{EE561C07-3B9E-4715-9543-6740E1BB2BB1}"
EndProject
Global
	GlobalSection(SolutionConfigurationPlatforms) = preSolution
		Debug|Any CPU = Debug|Any CPU
		Release|Any CPU = Release|Any CPU
	EndGlobalSection
	GlobalSection(ProjectConfigurationPlatforms) = postSolution
		{EE561C07-3B9E-4715-9543-6740E1BB2BB1}.Debug|Any CPU.ActiveCfg = Debug|Any CPU
		{EE561C07-3B9E-4715-9543-6740E1BB2BB1}.Debug|Any CPU.Build.0 = Debug|Any CPU
		{EE561C07-3B9E-4715-9543-6740E1BB2BB1}.Release|Any CPU.ActiveCfg = Release|Any CPU
		{EE561C07-3B9E-4715-9543-6740E1BB2BB1}.Release|Any CPU.Build.0 = Release|Any CPU
	EndGlobalSection
EndGlobal
